
Microsoft Visual Studio Solution File, Format Version 12.00
# Visual Studio 15
VisualStudioVersion = 15.0.27009.1
MinimumVisualStudioVersion = 10.0.40219.1
Project("{9A19103F-16F7-4668-BE54-9A1E7A4F7556}") = "Css.Core", "Css.Core\Css.Core.csproj", "{59803A43-4933-4B38-9B0C-B43004C86349}"
EndProject
Project("{9A19103F-16F7-4668-BE54-9A1E7A4F7556}") = "Css.Data", "Css.Data\Css.Data.csproj", "{1D9E76BE-9D00-4860-8497-6A2B848BD1B5}"
EndProject
Project("{FAE04EC0-301F-11D3-BF4B-00C04F79EFBC}") = "Css.Test", "Css.Test\Css.Test.csproj", "{F312073D-0634-4029-B138-EC5621A9B4D5}"
EndProject
Global
	GlobalSection(SolutionConfigurationPlatforms) = preSolution
		Debug|Any CPU = Debug|Any CPU
		Release|Any CPU = Release|Any CPU
	EndGlobalSection
	GlobalSection(ProjectConfigurationPlatforms) = postSolution
		{59803A43-4933-4B38-9B0C-B43004C86349}.Debug|Any CPU.ActiveCfg = Debug|Any CPU
		{59803A43-4933-4B38-9B0C-B43004C86349}.Debug|Any CPU.Build.0 = Debug|Any CPU
		{59803A43-4933-4B38-9B0C-B43004C86349}.Release|Any CPU.ActiveCfg = Release|Any CPU
		{59803A43-4933-4B38-9B0C-B43004C86349}.Release|Any CPU.Build.0 = Release|Any CPU
		{1D9E76BE-9D00-4860-8497-6A2B848BD1B5}.Debug|Any CPU.ActiveCfg = Debug|Any CPU
		{1D9E76BE-9D00-4860-8497-6A2B848BD1B5}.Debug|Any CPU.Build.0 = Debug|Any CPU
		{1D9E76BE-9D00-4860-8497-6A2B848BD1B5}.Release|Any CPU.ActiveCfg = Release|Any CPU
		{1D9E76BE-9D00-4860-8497-6A2B848BD1B5}.Release|Any CPU.Build.0 = Release|Any CPU
		{F312073D-0634-4029-B138-EC5621A9B4D5}.Debug|Any CPU.ActiveCfg = Debug|Any CPU
		{F312073D-0634-4029-B138-EC5621A9B4D5}.Debug|Any CPU.Build.0 = Debug|Any CPU
		{F312073D-0634-4029-B138-EC5621A9B4D5}.Release|Any CPU.ActiveCfg = Release|Any CPU
		{F312073D-0634-4029-B138-EC5621A9B4D5}.Release|Any CPU.Build.0 = Release|Any CPU
	EndGlobalSection
	GlobalSection(SolutionProperties) = preSolution
		HideSolutionNode = FALSE
	EndGlobalSection
	GlobalSection(ExtensibilityGlobals) = postSolution
		SolutionGuid = {5B97B767-847A-4CAA-A024-F0732705BD01}
	EndGlobalSection
EndGlobal
