
Microsoft Visual Studio Solution File, Format Version 12.00
# Visual Studio 15
VisualStudioVersion = 15.0.27009.1
MinimumVisualStudioVersion = 10.0.40219.1
Project("{9A19103F-16F7-4668-BE54-9A1E7A4F7556}") = "Css.Core", "Css.Core\Css.Core.csproj", "{59803A43-4933-4B38-9B0C-B43004C86349}"
EndProject
Project("{9A19103F-16F7-4668-BE54-9A1E7A4F7556}") = "Css.Data", "Css.Data\Css.Data.csproj", "{1D9E76BE-9D00-4860-8497-6A2B848BD1B5}"
EndProject
Project("{9A19103F-16F7-4668-BE54-9A1E7A4F7556}") = "Css.Tests", "Css.Tests\Css.Tests.csproj", "{B84FD88B-DDF3-4944-AE5D-DE79AB31F420}"
EndProject
Project("{9A19103F-16F7-4668-BE54-9A1E7A4F7556}") = "Css.ServiceHost", "Css.ServiceHost\Css.ServiceHost.csproj", "{16195A93-AB6D-4BB0-8372-A7239FA28F0A}"
EndProject
Project("{E53339B2-1760-4266-BCC7-CA923CBCF16C}") = "docker-compose", "docker-compose.dcproj", "{6FBB254E-FE67-49F2-B9A3-E38652DD6241}"
EndProject
Project("{9A19103F-16F7-4668-BE54-9A1E7A4F7556}") = "Css.Domain", "Css.Domain\Css.Domain.csproj", "{BCF25213-0389-4D5C-A69D-9C9FF92FF919}"
EndProject
Project("{FAE04EC0-301F-11D3-BF4B-00C04F79EFBC}") = "Css.WpfApp", "Css.WpfApp\Css.WpfApp.csproj", "{7AC05740-ACCD-430F-8EDE-7325323DD953}"
EndProject
Project("{FAE04EC0-301F-11D3-BF4B-00C04F79EFBC}") = "Css.Wpf.UI", "Css.Wpf.UI\Css.Wpf.UI.csproj", "{76E02690-560C-4DD2-8B1C-1EA1FE51DE5F}"
EndProject
Project("{9A19103F-16F7-4668-BE54-9A1E7A4F7556}") = "Css.Master", "..\Css.Master\Css.Master.csproj", "{6C4D2331-E50B-459E-99AD-87FA06932D2F}"
EndProject
Project("{FAE04EC0-301F-11D3-BF4B-00C04F79EFBC}") = "Css.Wpf.Master", "..\Css.Wpf.Master\Css.Wpf.Master.csproj", "{4B67A89C-7B36-4DCE-9559-A8D05411F144}"
EndProject
Global
	GlobalSection(SolutionConfigurationPlatforms) = preSolution
		Debug|Any CPU = Debug|Any CPU
		Release|Any CPU = Release|Any CPU
	EndGlobalSection
	GlobalSection(ProjectConfigurationPlatforms) = postSolution
		{59803A43-4933-4B38-9B0C-B43004C86349}.Debug|Any CPU.ActiveCfg = Debug|Any CPU
		{59803A43-4933-4B38-9B0C-B43004C86349}.Debug|Any CPU.Build.0 = Debug|Any CPU
		{59803A43-4933-4B38-9B0C-B43004C86349}.Release|Any CPU.ActiveCfg = Release|Any CPU
		{59803A43-4933-4B38-9B0C-B43004C86349}.Release|Any CPU.Build.0 = Release|Any CPU
		{1D9E76BE-9D00-4860-8497-6A2B848BD1B5}.Debug|Any CPU.ActiveCfg = Debug|Any CPU
		{1D9E76BE-9D00-4860-8497-6A2B848BD1B5}.Debug|Any CPU.Build.0 = Debug|Any CPU
		{1D9E76BE-9D00-4860-8497-6A2B848BD1B5}.Release|Any CPU.ActiveCfg = Release|Any CPU
		{1D9E76BE-9D00-4860-8497-6A2B848BD1B5}.Release|Any CPU.Build.0 = Release|Any CPU
		{B84FD88B-DDF3-4944-AE5D-DE79AB31F420}.Debug|Any CPU.ActiveCfg = Debug|Any CPU
		{B84FD88B-DDF3-4944-AE5D-DE79AB31F420}.Debug|Any CPU.Build.0 = Debug|Any CPU
		{B84FD88B-DDF3-4944-AE5D-DE79AB31F420}.Release|Any CPU.ActiveCfg = Release|Any CPU
		{B84FD88B-DDF3-4944-AE5D-DE79AB31F420}.Release|Any CPU.Build.0 = Release|Any CPU
		{16195A93-AB6D-4BB0-8372-A7239FA28F0A}.Debug|Any CPU.ActiveCfg = Debug|Any CPU
		{16195A93-AB6D-4BB0-8372-A7239FA28F0A}.Debug|Any CPU.Build.0 = Debug|Any CPU
		{16195A93-AB6D-4BB0-8372-A7239FA28F0A}.Release|Any CPU.ActiveCfg = Release|Any CPU
		{16195A93-AB6D-4BB0-8372-A7239FA28F0A}.Release|Any CPU.Build.0 = Release|Any CPU
		{6FBB254E-FE67-49F2-B9A3-E38652DD6241}.Debug|Any CPU.ActiveCfg = Debug|Any CPU
		{6FBB254E-FE67-49F2-B9A3-E38652DD6241}.Debug|Any CPU.Build.0 = Debug|Any CPU
		{6FBB254E-FE67-49F2-B9A3-E38652DD6241}.Release|Any CPU.ActiveCfg = Release|Any CPU
		{6FBB254E-FE67-49F2-B9A3-E38652DD6241}.Release|Any CPU.Build.0 = Release|Any CPU
		{BCF25213-0389-4D5C-A69D-9C9FF92FF919}.Debug|Any CPU.ActiveCfg = Debug|Any CPU
		{BCF25213-0389-4D5C-A69D-9C9FF92FF919}.Debug|Any CPU.Build.0 = Debug|Any CPU
		{BCF25213-0389-4D5C-A69D-9C9FF92FF919}.Release|Any CPU.ActiveCfg = Release|Any CPU
		{BCF25213-0389-4D5C-A69D-9C9FF92FF919}.Release|Any CPU.Build.0 = Release|Any CPU
		{7AC05740-ACCD-430F-8EDE-7325323DD953}.Debug|Any CPU.ActiveCfg = Debug|Any CPU
		{7AC05740-ACCD-430F-8EDE-7325323DD953}.Debug|Any CPU.Build.0 = Debug|Any CPU
		{7AC05740-ACCD-430F-8EDE-7325323DD953}.Release|Any CPU.ActiveCfg = Release|Any CPU
		{7AC05740-ACCD-430F-8EDE-7325323DD953}.Release|Any CPU.Build.0 = Release|Any CPU
		{76E02690-560C-4DD2-8B1C-1EA1FE51DE5F}.Debug|Any CPU.ActiveCfg = Debug|Any CPU
		{76E02690-560C-4DD2-8B1C-1EA1FE51DE5F}.Debug|Any CPU.Build.0 = Debug|Any CPU
		{76E02690-560C-4DD2-8B1C-1EA1FE51DE5F}.Release|Any CPU.ActiveCfg = Release|Any CPU
		{76E02690-560C-4DD2-8B1C-1EA1FE51DE5F}.Release|Any CPU.Build.0 = Release|Any CPU
		{6C4D2331-E50B-459E-99AD-87FA06932D2F}.Debug|Any CPU.ActiveCfg = Debug|Any CPU
		{6C4D2331-E50B-459E-99AD-87FA06932D2F}.Debug|Any CPU.Build.0 = Debug|Any CPU
		{6C4D2331-E50B-459E-99AD-87FA06932D2F}.Release|Any CPU.ActiveCfg = Release|Any CPU
		{6C4D2331-E50B-459E-99AD-87FA06932D2F}.Release|Any CPU.Build.0 = Release|Any CPU
		{4B67A89C-7B36-4DCE-9559-A8D05411F144}.Debug|Any CPU.ActiveCfg = Debug|Any CPU
		{4B67A89C-7B36-4DCE-9559-A8D05411F144}.Debug|Any CPU.Build.0 = Debug|Any CPU
		{4B67A89C-7B36-4DCE-9559-A8D05411F144}.Release|Any CPU.ActiveCfg = Release|Any CPU
		{4B67A89C-7B36-4DCE-9559-A8D05411F144}.Release|Any CPU.Build.0 = Release|Any CPU
	EndGlobalSection
	GlobalSection(SolutionProperties) = preSolution
		HideSolutionNode = FALSE
	EndGlobalSection
	GlobalSection(ExtensibilityGlobals) = postSolution
		SolutionGuid = {5B97B767-847A-4CAA-A024-F0732705BD01}
	EndGlobalSection
EndGlobal
